# @generated by Move, please check-in and do not edit manually.

[move]
version = 3
manifest_digest = "58F028120B75753BBC968C7264284672A5F7A27A61633B2EC179066FD505BA15"
deps_digest = "F8BBB0CCB2491CA29A3DF03D6F92277A4F3574266507ACD77214D37ECA3F3082"
dependencies = [
  { id = "Sui", name = "Sui" },
]

[[move.package]]
id = "MoveStdlib"
source = { git = "https://github.com/MystenLabs/sui.git", rev = "testnet", subdir = "crates/sui-framework/packages/move-stdlib" }

[[move.package]]
id = "Sui"
source = { git = "https://github.com/MystenLabs/sui.git", rev = "testnet", subdir = "crates/sui-framework/packages/sui-framework" }

dependencies = [
  { id = "MoveStdlib", name = "MoveStdlib" },
]

[move.toolchain-version]
compiler-version = "1.53.2"
edition = "2024.alpha"
flavor = "sui"

[env]

[env.testnet]
chain-id = "4c78adac"
original-published-id = "0xf097553fd0d780651c9a9748514355b538c4d717a14927b07f57d54afd8abb21"
latest-published-id = "0xf097553fd0d780651c9a9748514355b538c4d717a14927b07f57d54afd8abb21"
published-version = "1"
